
Microsoft Visual Studio Solution File, Format Version 12.00
# Visual Studio Version 16
VisualStudioVersion = 16.0.31729.503
MinimumVisualStudioVersion = 10.0.40219.1
Project("{FAE04EC0-301F-11D3-BF4B-00C04F79EFBC}") = "DirParser", "DirParser\DirParser.csproj", "{C227BAA4-C31D-4BAA-81C9-5509B3B6485A}"
EndProject
Global
	GlobalSection(SolutionConfigurationPlatforms) = preSolution
		Debug|Any CPU = Debug|Any CPU
		Release|Any CPU = Release|Any CPU
	EndGlobalSection
	GlobalSection(ProjectConfigurationPlatforms) = postSolution
		{C227BAA4-C31D-4BAA-81C9-5509B3B6485A}.Debug|Any CPU.ActiveCfg = Debug|Any CPU
		{C227BAA4-C31D-4BAA-81C9-5509B3B6485A}.Debug|Any CPU.Build.0 = Debug|Any CPU
		{C227BAA4-C31D-4BAA-81C9-5509B3B6485A}.Release|Any CPU.ActiveCfg = Release|Any CPU
		{C227BAA4-C31D-4BAA-81C9-5509B3B6485A}.Release|Any CPU.Build.0 = Release|Any CPU
	EndGlobalSection
	GlobalSection(SolutionProperties) = preSolution
		HideSolutionNode = FALSE
	EndGlobalSection
	GlobalSection(ExtensibilityGlobals) = postSolution
		SolutionGuid = {5692B1C1-82D3-4CB7-A287-5F300086DC47}
	EndGlobalSection
EndGlobal
